
Microsoft Visual Studio Solution File, Format Version 11.00
# Visual Studio 2010
Project("{FAE04EC0-301F-11D3-BF4B-00C04F79EFBC}") = "UnderWord", "Assembly-CSharp.csproj", "{3F4DC619-FAD1-2D4A-41A4-44696025BA18}"
EndProject
Project("{FAE04EC0-301F-11D3-BF4B-00C04F79EFBC}") = "UnderWord", "Assembly-CSharp-firstpass.csproj", "{5A87FAE5-D0C0-9335-B2E2-F5AE33A2D1DF}"
EndProject
Project("{FAE04EC0-301F-11D3-BF4B-00C04F79EFBC}") = "UnderWord", "Assembly-CSharp-Editor-firstpass.csproj", "{DA44833A-B7F0-2CE1-F577-69FDE687B288}"
EndProject
Project("{FAE04EC0-301F-11D3-BF4B-00C04F79EFBC}") = "UnderWord", "Assembly-CSharp-Editor.csproj", "{3D17B15D-EA2B-FDD5-55F1-BA2A99BD6067}"
EndProject
Global
	GlobalSection(SolutionConfigurationPlatforms) = preSolution
		Debug|Any CPU = Debug|Any CPU
		Release|Any CPU = Release|Any CPU
	EndGlobalSection
	GlobalSection(ProjectConfigurationPlatforms) = postSolution
		{3F4DC619-FAD1-2D4A-41A4-44696025BA18}.Debug|Any CPU.ActiveCfg = Debug|Any CPU
		{3F4DC619-FAD1-2D4A-41A4-44696025BA18}.Debug|Any CPU.Build.0 = Debug|Any CPU
		{3F4DC619-FAD1-2D4A-41A4-44696025BA18}.Release|Any CPU.ActiveCfg = Release|Any CPU
		{3F4DC619-FAD1-2D4A-41A4-44696025BA18}.Release|Any CPU.Build.0 = Release|Any CPU
		{5A87FAE5-D0C0-9335-B2E2-F5AE33A2D1DF}.Debug|Any CPU.ActiveCfg = Debug|Any CPU
		{5A87FAE5-D0C0-9335-B2E2-F5AE33A2D1DF}.Debug|Any CPU.Build.0 = Debug|Any CPU
		{5A87FAE5-D0C0-9335-B2E2-F5AE33A2D1DF}.Release|Any CPU.ActiveCfg = Release|Any CPU
		{5A87FAE5-D0C0-9335-B2E2-F5AE33A2D1DF}.Release|Any CPU.Build.0 = Release|Any CPU
		{DA44833A-B7F0-2CE1-F577-69FDE687B288}.Debug|Any CPU.ActiveCfg = Debug|Any CPU
		{DA44833A-B7F0-2CE1-F577-69FDE687B288}.Debug|Any CPU.Build.0 = Debug|Any CPU
		{DA44833A-B7F0-2CE1-F577-69FDE687B288}.Release|Any CPU.ActiveCfg = Release|Any CPU
		{DA44833A-B7F0-2CE1-F577-69FDE687B288}.Release|Any CPU.Build.0 = Release|Any CPU
		{3D17B15D-EA2B-FDD5-55F1-BA2A99BD6067}.Debug|Any CPU.ActiveCfg = Debug|Any CPU
		{3D17B15D-EA2B-FDD5-55F1-BA2A99BD6067}.Debug|Any CPU.Build.0 = Debug|Any CPU
		{3D17B15D-EA2B-FDD5-55F1-BA2A99BD6067}.Release|Any CPU.ActiveCfg = Release|Any CPU
		{3D17B15D-EA2B-FDD5-55F1-BA2A99BD6067}.Release|Any CPU.Build.0 = Release|Any CPU
	EndGlobalSection
	GlobalSection(SolutionProperties) = preSolution
		HideSolutionNode = FALSE
	EndGlobalSection
	GlobalSection(MonoDevelopProperties) = preSolution
		StartupItem = Assembly-CSharp.csproj
	EndGlobalSection
EndGlobal
